
Microsoft Visual Studio Solution File, Format Version 12.00
# Visual Studio 15
VisualStudioVersion = 15.0.27130.2024
MinimumVisualStudioVersion = 10.0.40219.1
Project("{FAE04EC0-301F-11D3-BF4B-00C04F79EFBC}") = "ChatApp", "ChatApp\ChatApp.csproj", "{296E0922-4042-4A0D-9E61-CCC6106E74E3}"
EndProject
Project("{FAE04EC0-301F-11D3-BF4B-00C04F79EFBC}") = "Server", "Server\Server.csproj", "{402D2B52-9CEC-4443-BC0F-4BD889BFCCAA}"
EndProject
Global
	GlobalSection(SolutionConfigurationPlatforms) = preSolution
		Debug|Any CPU = Debug|Any CPU
		Release|Any CPU = Release|Any CPU
	EndGlobalSection
	GlobalSection(ProjectConfigurationPlatforms) = postSolution
		{296E0922-4042-4A0D-9E61-CCC6106E74E3}.Debug|Any CPU.ActiveCfg = Debug|Any CPU
		{296E0922-4042-4A0D-9E61-CCC6106E74E3}.Debug|Any CPU.Build.0 = Debug|Any CPU
		{296E0922-4042-4A0D-9E61-CCC6106E74E3}.Release|Any CPU.ActiveCfg = Release|Any CPU
		{296E0922-4042-4A0D-9E61-CCC6106E74E3}.Release|Any CPU.Build.0 = Release|Any CPU
		{402D2B52-9CEC-4443-BC0F-4BD889BFCCAA}.Debug|Any CPU.ActiveCfg = Debug|Any CPU
		{402D2B52-9CEC-4443-BC0F-4BD889BFCCAA}.Debug|Any CPU.Build.0 = Debug|Any CPU
		{402D2B52-9CEC-4443-BC0F-4BD889BFCCAA}.Release|Any CPU.ActiveCfg = Release|Any CPU
		{402D2B52-9CEC-4443-BC0F-4BD889BFCCAA}.Release|Any CPU.Build.0 = Release|Any CPU
	EndGlobalSection
	GlobalSection(SolutionProperties) = preSolution
		HideSolutionNode = FALSE
	EndGlobalSection
	GlobalSection(ExtensibilityGlobals) = postSolution
		SolutionGuid = {0CDBA614-95BA-4A64-B456-5F293437D03C}
	EndGlobalSection
EndGlobal
